// !$*UTF8*$!
{
	archiveVersion = 1;
	classes = {
	};
	objectVersion = 56;
	objects = {

/* Begin PBXBuildFile section */
		AA17C3FD2B97EB0D005359AF /* Card.swift in Sources */ = {isa = PBXBuildFile; fileRef = AA17C3FC2B97EB0D005359AF /* Card.swift */; };
		AA17C3FF2B97F66A005359AF /* CartItem.swift in Sources */ = {isa = PBXBuildFile; fileRef = AA17C3FE2B97F66A005359AF /* CartItem.swift */; };
		AAED846A2B912F98001B7281 /* CartCollabApp.swift in Sources */ = {isa = PBXBuildFile; fileRef = AAED84692B912F98001B7281 /* CartCollabApp.swift */; };
		AAED846C2B912F98001B7281 /* ContentView.swift in Sources */ = {isa = PBXBuildFile; fileRef = AAED846B2B912F98001B7281 /* ContentView.swift */; };
		AAED846E2B912F99001B7281 /* Assets.xcassets in Resources */ = {isa = PBXBuildFile; fileRef = AAED846D2B912F99001B7281 /* Assets.xcassets */; };
		AAED84712B912F99001B7281 /* Preview Assets.xcassets in Resources */ = {isa = PBXBuildFile; fileRef = AAED84702B912F99001B7281 /* Preview Assets.xcassets */; };
		AAED84812B91303F001B7281 /* BottomBar.swift in Sources */ = {isa = PBXBuildFile; fileRef = AAED84802B91303F001B7281 /* BottomBar.swift */; };
		AAED84832B913072001B7281 /* CartListView.swift in Sources */ = {isa = PBXBuildFile; fileRef = AAED84822B913072001B7281 /* CartListView.swift */; };
		AAED84852B91309D001B7281 /* SignInView.swift in Sources */ = {isa = PBXBuildFile; fileRef = AAED84842B91309D001B7281 /* SignInView.swift */; };
/* End PBXBuildFile section */

/* Begin PBXFileReference section */
		AA17C3FC2B97EB0D005359AF /* Card.swift */ = {isa = PBXFileReference; lastKnownFileType = sourcecode.swift; path = Card.swift; sourceTree = "<group>"; };
		AA17C3FE2B97F66A005359AF /* CartItem.swift */ = {isa = PBXFileReference; lastKnownFileType = sourcecode.swift; path = CartItem.swift; sourceTree = "<group>"; };
		AAED84662B912F98001B7281 /* CartCollab.app */ = {isa = PBXFileReference; explicitFileType = wrapper.application; includeInIndex = 0; path = CartCollab.app; sourceTree = BUILT_PRODUCTS_DIR; };
		AAED84692B912F98001B7281 /* CartCollabApp.swift */ = {isa = PBXFileReference; lastKnownFileType = sourcecode.swift; path = CartCollabApp.swift; sourceTree = "<group>"; };
		AAED846B2B912F98001B7281 /* ContentView.swift */ = {isa = PBXFileReference; lastKnownFileType = sourcecode.swift; path = ContentView.swift; sourceTree = "<group>"; };
		AAED846D2B912F99001B7281 /* Assets.xcassets */ = {isa = PBXFileReference; lastKnownFileType = folder.assetcatalog; path = Assets.xcassets; sourceTree = "<group>"; };
		AAED84702B912F99001B7281 /* Preview Assets.xcassets */ = {isa = PBXFileReference; lastKnownFileType = folder.assetcatalog; path = "Preview Assets.xcassets"; sourceTree = "<group>"; };
		AAED84802B91303F001B7281 /* BottomBar.swift */ = {isa = PBXFileReference; lastKnownFileType = sourcecode.swift; path = BottomBar.swift; sourceTree = "<group>"; };
		AAED84822B913072001B7281 /* CartListView.swift */ = {isa = PBXFileReference; lastKnownFileType = sourcecode.swift; path = CartListView.swift; sourceTree = "<group>"; };
		AAED84842B91309D001B7281 /* SignInView.swift */ = {isa = PBXFileReference; lastKnownFileType = sourcecode.swift; path = SignInView.swift; sourceTree = "<group>"; };
/* End PBXFileReference section */

/* Begin PBXFrameworksBuildPhase section */
		AAED84632B912F98001B7281 /* Frameworks */ = {
			isa = PBXFrameworksBuildPhase;
			buildActionMask = 2147483647;
			files = (
			);
			runOnlyForDeploymentPostprocessing = 0;
		};
/* End PBXFrameworksBuildPhase section */

/* Begin PBXGroup section */
		AAED845D2B912F98001B7281 = {
			isa = PBXGroup;
			children = (
				AAED84682B912F98001B7281 /* CartCollab */,
				AAED84672B912F98001B7281 /* Products */,
			);
			sourceTree = "<group>";
		};
		AAED84672B912F98001B7281 /* Products */ = {
			isa = PBXGroup;
			children = (
				AAED84662B912F98001B7281 /* CartCollab.app */,
			);
			name = Products;
			sourceTree = "<group>";
		};
		AAED84682B912F98001B7281 /* CartCollab */ = {
			isa = PBXGroup;
			children = (
				AAED84792B912FDF001B7281 /* UI */,
				AAED84782B912FDA001B7281 /* Cart */,
				AAED84772B912FD3001B7281 /* Account */,
				AAED84692B912F98001B7281 /* CartCollabApp.swift */,
				AAED846B2B912F98001B7281 /* ContentView.swift */,
				AAED846D2B912F99001B7281 /* Assets.xcassets */,
				AAED846F2B912F99001B7281 /* Preview Content */,
			);
			path = CartCollab;
			sourceTree = "<group>";
		};
		AAED846F2B912F99001B7281 /* Preview Content */ = {
			isa = PBXGroup;
			children = (
				AAED84702B912F99001B7281 /* Preview Assets.xcassets */,
			);
			path = "Preview Content";
			sourceTree = "<group>";
		};
		AAED84772B912FD3001B7281 /* Account */ = {
			isa = PBXGroup;
			children = (
				AAED847F2B913011001B7281 /* Controller */,
				AAED847E2B91300C001B7281 /* View */,
				AAED847D2B913007001B7281 /* Model */,
			);
			path = Account;
			sourceTree = "<group>";
		};
		AAED84782B912FDA001B7281 /* Cart */ = {
			isa = PBXGroup;
			children = (
				AAED847C2B913000001B7281 /* Controller */,
				AAED847B2B912FFA001B7281 /* View */,
				AAED847A2B912FF4001B7281 /* Model */,
			);
			path = Cart;
			sourceTree = "<group>";
		};
		AAED84792B912FDF001B7281 /* UI */ = {
			isa = PBXGroup;
			children = (
				AAED84802B91303F001B7281 /* BottomBar.swift */,
				AA17C3FC2B97EB0D005359AF /* Card.swift */,
			);
			path = UI;
			sourceTree = "<group>";
		};
		AAED847A2B912FF4001B7281 /* Model */ = {
			isa = PBXGroup;
			children = (
				AA17C3FE2B97F66A005359AF /* CartItem.swift */,
			);
			path = Model;
			sourceTree = "<group>";
		};
		AAED847B2B912FFA001B7281 /* View */ = {
			isa = PBXGroup;
			children = (
				AAED84822B913072001B7281 /* CartListView.swift */,
			);
			path = View;
			sourceTree = "<group>";
		};
		AAED847C2B913000001B7281 /* Controller */ = {
			isa = PBXGroup;
			children = (
			);
			path = Controller;
			sourceTree = "<group>";
		};
		AAED847D2B913007001B7281 /* Model */ = {
			isa = PBXGroup;
			children = (
			);
			path = Model;
			sourceTree = "<group>";
		};
		AAED847E2B91300C001B7281 /* View */ = {
			isa = PBXGroup;
			children = (
				AAED84842B91309D001B7281 /* SignInView.swift */,
			);
			path = View;
			sourceTree = "<group>";
		};
		AAED847F2B913011001B7281 /* Controller */ = {
			isa = PBXGroup;
			children = (
			);
			path = Controller;
			sourceTree = "<group>";
		};
/* End PBXGroup section */

/* Begin PBXNativeTarget section */
		AAED84652B912F98001B7281 /* CartCollab */ = {
			isa = PBXNativeTarget;
			buildConfigurationList = AAED84742B912F99001B7281 /* Build configuration list for PBXNativeTarget "CartCollab" */;
			buildPhases = (
				AAED84622B912F98001B7281 /* Sources */,
				AAED84632B912F98001B7281 /* Frameworks */,
				AAED84642B912F98001B7281 /* Resources */,
			);
			buildRules = (
			);
			dependencies = (
			);
			name = CartCollab;
			productName = CartCollab;
			productReference = AAED84662B912F98001B7281 /* CartCollab.app */;
			productType = "com.apple.product-type.application";
		};
/* End PBXNativeTarget section */

/* Begin PBXProject section */
		AAED845E2B912F98001B7281 /* Project object */ = {
			isa = PBXProject;
			attributes = {
				BuildIndependentTargetsInParallel = 1;
				LastSwiftUpdateCheck = 1520;
				LastUpgradeCheck = 1520;
				TargetAttributes = {
					AAED84652B912F98001B7281 = {
						CreatedOnToolsVersion = 15.2;
					};
				};
			};
			buildConfigurationList = AAED84612B912F98001B7281 /* Build configuration list for PBXProject "CartCollab" */;
			compatibilityVersion = "Xcode 14.0";
			developmentRegion = en;
			hasScannedForEncodings = 0;
			knownRegions = (
				en,
				Base,
			);
			mainGroup = AAED845D2B912F98001B7281;
			productRefGroup = AAED84672B912F98001B7281 /* Products */;
			projectDirPath = "";
			projectRoot = "";
			targets = (
				AAED84652B912F98001B7281 /* CartCollab */,
			);
		};
/* End PBXProject section */

/* Begin PBXResourcesBuildPhase section */
		AAED84642B912F98001B7281 /* Resources */ = {
			isa = PBXResourcesBuildPhase;
			buildActionMask = 2147483647;
			files = (
				AAED84712B912F99001B7281 /* Preview Assets.xcassets in Resources */,
				AAED846E2B912F99001B7281 /* Assets.xcassets in Resources */,
			);
			runOnlyForDeploymentPostprocessing = 0;
		};
/* End PBXResourcesBuildPhase section */

/* Begin PBXSourcesBuildPhase section */
		AAED84622B912F98001B7281 /* Sources */ = {
			isa = PBXSourcesBuildPhase;
			buildActionMask = 2147483647;
			files = (
				AAED846C2B912F98001B7281 /* ContentView.swift in Sources */,
				AA17C3FD2B97EB0D005359AF /* Card.swift in Sources */,
				AAED846A2B912F98001B7281 /* CartCollabApp.swift in Sources */,
				AAED84832B913072001B7281 /* CartListView.swift in Sources */,
				AAED84812B91303F001B7281 /* BottomBar.swift in Sources */,
				AAED84852B91309D001B7281 /* SignInView.swift in Sources */,
				AA17C3FF2B97F66A005359AF /* CartItem.swift in Sources */,
			);
			runOnlyForDeploymentPostprocessing = 0;
		};
/* End PBXSourcesBuildPhase section */

/* Begin XCBuildConfiguration section */
		AAED84722B912F99001B7281 /* Debug */ = {
			isa = XCBuildConfiguration;
			buildSettings = {
				ALWAYS_SEARCH_USER_PATHS = NO;
				ASSETCATALOG_COMPILER_GENERATE_SWIFT_ASSET_SYMBOL_EXTENSIONS = YES;
				CLANG_ANALYZER_NONNULL = YES;
				CLANG_ANALYZER_NUMBER_OBJECT_CONVERSION = YES_AGGRESSIVE;
				CLANG_CXX_LANGUAGE_STANDARD = "gnu++20";
				CLANG_ENABLE_MODULES = YES;
				CLANG_ENABLE_OBJC_ARC = YES;
				CLANG_ENABLE_OBJC_WEAK = YES;
				CLANG_WARN_BLOCK_CAPTURE_AUTORELEASING = YES;
				CLANG_WARN_BOOL_CONVERSION = YES;
				CLANG_WARN_COMMA = YES;
				CLANG_WARN_CONSTANT_CONVERSION = YES;
				CLANG_WARN_DEPRECATED_OBJC_IMPLEMENTATIONS = YES;
				CLANG_WARN_DIRECT_OBJC_ISA_USAGE = YES_ERROR;
				CLANG_WARN_DOCUMENTATION_COMMENTS = YES;
				CLANG_WARN_EMPTY_BODY = YES;
				CLANG_WARN_ENUM_CONVERSION = YES;
				CLANG_WARN_INFINITE_RECURSION = YES;
				CLANG_WARN_INT_CONVERSION = YES;
				CLANG_WARN_NON_LITERAL_NULL_CONVERSION = YES;
				CLANG_WARN_OBJC_IMPLICIT_RETAIN_SELF = YES;
				CLANG_WARN_OBJC_LITERAL_CONVERSION = YES;
				CLANG_WARN_OBJC_ROOT_CLASS = YES_ERROR;
				CLANG_WARN_QUOTED_INCLUDE_IN_FRAMEWORK_HEADER = YES;
				CLANG_WARN_RANGE_LOOP_ANALYSIS = YES;
				CLANG_WARN_STRICT_PROTOTYPES = YES;
				CLANG_WARN_SUSPICIOUS_MOVE = YES;
				CLANG_WARN_UNGUARDED_AVAILABILITY = YES_AGGRESSIVE;
				CLANG_WARN_UNREACHABLE_CODE = YES;
				CLANG_WARN__DUPLICATE_METHOD_MATCH = YES;
				COPY_PHASE_STRIP = NO;
				DEBUG_INFORMATION_FORMAT = dwarf;
				ENABLE_STRICT_OBJC_MSGSEND = YES;
				ENABLE_TESTABILITY = YES;
				ENABLE_USER_SCRIPT_SANDBOXING = YES;
				GCC_C_LANGUAGE_STANDARD = gnu17;
				GCC_DYNAMIC_NO_PIC = NO;
				GCC_NO_COMMON_BLOCKS = YES;
				GCC_OPTIMIZATION_LEVEL = 0;
				GCC_PREPROCESSOR_DEFINITIONS = (
					"DEBUG=1",
					"$(inherited)",
				);
				GCC_WARN_64_TO_32_BIT_CONVERSION = YES;
				GCC_WARN_ABOUT_RETURN_TYPE = YES_ERROR;
				GCC_WARN_UNDECLARED_SELECTOR = YES;
				GCC_WARN_UNINITIALIZED_AUTOS = YES_AGGRESSIVE;
				GCC_WARN_UNUSED_FUNCTION = YES;
				GCC_WARN_UNUSED_VARIABLE = YES;
				IPHONEOS_DEPLOYMENT_TARGET = 17.2;
				LOCALIZATION_PREFERS_STRING_CATALOGS = YES;
				MTL_ENABLE_DEBUG_INFO = INCLUDE_SOURCE;
				MTL_FAST_MATH = YES;
				ONLY_ACTIVE_ARCH = YES;
				SDKROOT = iphoneos;
				SWIFT_ACTIVE_COMPILATION_CONDITIONS = "DEBUG $(inherited)";
				SWIFT_OPTIMIZATION_LEVEL = "-Onone";
			};
			name = Debug;
		};
		AAED84732B912F99001B7281 /* Release */ = {
			isa = XCBuildConfiguration;
			buildSettings = {
				ALWAYS_SEARCH_USER_PATHS = NO;
				ASSETCATALOG_COMPILER_GENERATE_SWIFT_ASSET_SYMBOL_EXTENSIONS = YES;
				CLANG_ANALYZER_NONNULL = YES;
				CLANG_ANALYZER_NUMBER_OBJECT_CONVERSION = YES_AGGRESSIVE;
				CLANG_CXX_LANGUAGE_STANDARD = "gnu++20";
				CLANG_ENABLE_MODULES = YES;
				CLANG_ENABLE_OBJC_ARC = YES;
				CLANG_ENABLE_OBJC_WEAK = YES;
				CLANG_WARN_BLOCK_CAPTURE_AUTORELEASING = YES;
				CLANG_WARN_BOOL_CONVERSION = YES;
				CLANG_WARN_COMMA = YES;
				CLANG_WARN_CONSTANT_CONVERSION = YES;
				CLANG_WARN_DEPRECATED_OBJC_IMPLEMENTATIONS = YES;
				CLANG_WARN_DIRECT_OBJC_ISA_USAGE = YES_ERROR;
				CLANG_WARN_DOCUMENTATION_COMMENTS = YES;
				CLANG_WARN_EMPTY_BODY = YES;
				CLANG_WARN_ENUM_CONVERSION = YES;
				CLANG_WARN_INFINITE_RECURSION = YES;
				CLANG_WARN_INT_CONVERSION = YES;
				CLANG_WARN_NON_LITERAL_NULL_CONVERSION = YES;
				CLANG_WARN_OBJC_IMPLICIT_RETAIN_SELF = YES;
				CLANG_WARN_OBJC_LITERAL_CONVERSION = YES;
				CLANG_WARN_OBJC_ROOT_CLASS = YES_ERROR;
				CLANG_WARN_QUOTED_INCLUDE_IN_FRAMEWORK_HEADER = YES;
				CLANG_WARN_RANGE_LOOP_ANALYSIS = YES;
				CLANG_WARN_STRICT_PROTOTYPES = YES;
				CLANG_WARN_SUSPICIOUS_MOVE = YES;
				CLANG_WARN_UNGUARDED_AVAILABILITY = YES_AGGRESSIVE;
				CLANG_WARN_UNREACHABLE_CODE = YES;
				CLANG_WARN__DUPLICATE_METHOD_MATCH = YES;
				COPY_PHASE_STRIP = NO;
				DEBUG_INFORMATION_FORMAT = "dwarf-with-dsym";
				ENABLE_NS_ASSERTIONS = NO;
				ENABLE_STRICT_OBJC_MSGSEND = YES;
				ENABLE_USER_SCRIPT_SANDBOXING = YES;
				GCC_C_LANGUAGE_STANDARD = gnu17;
				GCC_NO_COMMON_BLOCKS = YES;
				GCC_WARN_64_TO_32_BIT_CONVERSION = YES;
				GCC_WARN_ABOUT_RETURN_TYPE = YES_ERROR;
				GCC_WARN_UNDECLARED_SELECTOR = YES;
				GCC_WARN_UNINITIALIZED_AUTOS = YES_AGGRESSIVE;
				GCC_WARN_UNUSED_FUNCTION = YES;
				GCC_WARN_UNUSED_VARIABLE = YES;
				IPHONEOS_DEPLOYMENT_TARGET = 17.2;
				LOCALIZATION_PREFERS_STRING_CATALOGS = YES;
				MTL_ENABLE_DEBUG_INFO = NO;
				MTL_FAST_MATH = YES;
				SDKROOT = iphoneos;
				SWIFT_COMPILATION_MODE = wholemodule;
				VALIDATE_PRODUCT = YES;
			};
			name = Release;
		};
		AAED84752B912F99001B7281 /* Debug */ = {
			isa = XCBuildConfiguration;
			buildSettings = {
				ASSETCATALOG_COMPILER_APPICON_NAME = AppIcon;
				ASSETCATALOG_COMPILER_GLOBAL_ACCENT_COLOR_NAME = AccentColor;
				CODE_SIGN_STYLE = Automatic;
				CURRENT_PROJECT_VERSION = 1;
				DEVELOPMENT_ASSET_PATHS = "\"CartCollab/Preview Content\"";
				DEVELOPMENT_TEAM = 9UAU636486;
				ENABLE_PREVIEWS = YES;
				GENERATE_INFOPLIST_FILE = YES;
				INFOPLIST_KEY_UIApplicationSceneManifest_Generation = YES;
				INFOPLIST_KEY_UIApplicationSupportsIndirectInputEvents = YES;
				INFOPLIST_KEY_UILaunchScreen_Generation = YES;
				INFOPLIST_KEY_UISupportedInterfaceOrientations_iPad = "UIInterfaceOrientationPortrait UIInterfaceOrientationPortraitUpsideDown UIInterfaceOrientationLandscapeLeft UIInterfaceOrientationLandscapeRight";
				INFOPLIST_KEY_UISupportedInterfaceOrientations_iPhone = "UIInterfaceOrientationPortrait UIInterfaceOrientationLandscapeLeft UIInterfaceOrientationLandscapeRight";
				LD_RUNPATH_SEARCH_PATHS = (
					"$(inherited)",
					"@executable_path/Frameworks",
				);
				MARKETING_VERSION = 1.0;
				PRODUCT_BUNDLE_IDENTIFIER = com.prashant.apple.CartCollab;
				PRODUCT_NAME = "$(TARGET_NAME)";
				SWIFT_EMIT_LOC_STRINGS = YES;
				SWIFT_VERSION = 5.0;
				TARGETED_DEVICE_FAMILY = "1,2";
			};
			name = Debug;
		};
		AAED84762B912F99001B7281 /* Release */ = {
			isa = XCBuildConfiguration;
			buildSettings = {
				ASSETCATALOG_COMPILER_APPICON_NAME = AppIcon;
				ASSETCATALOG_COMPILER_GLOBAL_ACCENT_COLOR_NAME = AccentColor;
				CODE_SIGN_STYLE = Automatic;
				CURRENT_PROJECT_VERSION = 1;
				DEVELOPMENT_ASSET_PATHS = "\"CartCollab/Preview Content\"";
				DEVELOPMENT_TEAM = 9UAU636486;
				ENABLE_PREVIEWS = YES;
				GENERATE_INFOPLIST_FILE = YES;
				INFOPLIST_KEY_UIApplicationSceneManifest_Generation = YES;
				INFOPLIST_KEY_UIApplicationSupportsIndirectInputEvents = YES;
				INFOPLIST_KEY_UILaunchScreen_Generation = YES;
				INFOPLIST_KEY_UISupportedInterfaceOrientations_iPad = "UIInterfaceOrientationPortrait UIInterfaceOrientationPortraitUpsideDown UIInterfaceOrientationLandscapeLeft UIInterfaceOrientationLandscapeRight";
				INFOPLIST_KEY_UISupportedInterfaceOrientations_iPhone = "UIInterfaceOrientationPortrait UIInterfaceOrientationLandscapeLeft UIInterfaceOrientationLandscapeRight";
				LD_RUNPATH_SEARCH_PATHS = (
					"$(inherited)",
					"@executable_path/Frameworks",
				);
				MARKETING_VERSION = 1.0;
				PRODUCT_BUNDLE_IDENTIFIER = com.prashant.apple.CartCollab;
				PRODUCT_NAME = "$(TARGET_NAME)";
				SWIFT_EMIT_LOC_STRINGS = YES;
				SWIFT_VERSION = 5.0;
				TARGETED_DEVICE_FAMILY = "1,2";
			};
			name = Release;
		};
/* End XCBuildConfiguration section */

/* Begin XCConfigurationList section */
		AAED84612B912F98001B7281 /* Build configuration list for PBXProject "CartCollab" */ = {
			isa = XCConfigurationList;
			buildConfigurations = (
				AAED84722B912F99001B7281 /* Debug */,
				AAED84732B912F99001B7281 /* Release */,
			);
			defaultConfigurationIsVisible = 0;
			defaultConfigurationName = Release;
		};
		AAED84742B912F99001B7281 /* Build configuration list for PBXNativeTarget "CartCollab" */ = {
			isa = XCConfigurationList;
			buildConfigurations = (
				AAED84752B912F99001B7281 /* Debug */,
				AAED84762B912F99001B7281 /* Release */,
			);
			defaultConfigurationIsVisible = 0;
			defaultConfigurationName = Release;
		};
/* End XCConfigurationList section */
	};
	rootObject = AAED845E2B912F98001B7281 /* Project object */;
}
